
Microsoft Visual Studio Solution File, Format Version 12.00
# Visual Studio Version 16
VisualStudioVersion = 25.0.1706.8
MinimumVisualStudioVersion = 10.0.40219.1
Project("{FAE04EC0-301F-11D3-BF4B-00C04F79EFBC}") = "Hangman_Game", "Hangman_Game\Hangman_Game.csproj", "{BC608DBD-E550-423B-8739-0F2406462A01}"
EndProject
Global
	GlobalSection(SolutionConfigurationPlatforms) = preSolution
		Debug|Any CPU = Debug|Any CPU
		Release|Any CPU = Release|Any CPU
	EndGlobalSection
	GlobalSection(ProjectConfigurationPlatforms) = postSolution
		{BC608DBD-E550-423B-8739-0F2406462A01}.Debug|Any CPU.ActiveCfg = Debug|Any CPU
		{BC608DBD-E550-423B-8739-0F2406462A01}.Debug|Any CPU.Build.0 = Debug|Any CPU
		{BC608DBD-E550-423B-8739-0F2406462A01}.Release|Any CPU.ActiveCfg = Release|Any CPU
		{BC608DBD-E550-423B-8739-0F2406462A01}.Release|Any CPU.Build.0 = Release|Any CPU
	EndGlobalSection
	GlobalSection(SolutionProperties) = preSolution
		HideSolutionNode = FALSE
	EndGlobalSection
	GlobalSection(ExtensibilityGlobals) = postSolution
		SolutionGuid = {51E73CE0-FEB8-4161-AB00-7D9B5D6B2403}
	EndGlobalSection
EndGlobal
